{
  "version": "4",
  "redirects": {
    "https://deno.land/x/bcrypt/mod.ts": "https://deno.land/x/bcrypt@v0.4.1/mod.ts"
  },
  "remote": {
    "https://deno.land/std@0.61.0/encoding/utf8.ts": "8654fa820aa69a37ec5eb11908e20b39d056c9bf1c23ab294303ff467f3d50a1",
    "https://deno.land/x/bcrypt@v0.2.4/deps.ts": "dc2253e8aed3c5670f096fe9515913f644b650bae7212d8f6af5c14b88350461",
    "https://deno.land/x/bcrypt@v0.2.4/mod.ts": "8eaac7e28fd305228e5994de60032b743282bfeadd5060c1759288d27f32d28e",
    "https://deno.land/x/bcrypt@v0.2.4/src/bcrypt/base64.ts": "b8266450a4f1eb6960f60f2f7986afc4dde6b45bd2d7ee7ba10789e67e17b9f7",
    "https://deno.land/x/bcrypt@v0.2.4/src/bcrypt/bcrypt.ts": "7845b01323458b530dcf6e9ab46e513c507b6ff1670457afaa0b3465721b56b4",
    "https://deno.land/x/bcrypt@v0.2.4/src/main.ts": "4ac3ccc2247ce729f6c7d57654909949b62aafdabd996483c97f34aa1afac82a",
    "https://deno.land/x/bcrypt@v0.2.4/src/worker.ts": "5a73bdfee9c9e622f47c9733d374b627dce52fb3ec1e74c8226698b3fc57ffac",
    "https://deno.land/x/bcrypt@v0.4.1/mod.ts": "ff09bdae282583cf5f7d87efe37ddcecef7f14f6d12e8b8066a3058db8c6c2f7",
    "https://deno.land/x/bcrypt@v0.4.1/src/bcrypt/base64.ts": "b8266450a4f1eb6960f60f2f7986afc4dde6b45bd2d7ee7ba10789e67e17b9f7",
    "https://deno.land/x/bcrypt@v0.4.1/src/bcrypt/bcrypt.ts": "ec221648cc6453ea5e3803bc817c01157dada06aa6f7a0ba6b9f87aae32b21e2",
    "https://deno.land/x/bcrypt@v0.4.1/src/main.ts": "08d201b289c8d9c46f8839c69cd6625b213863db29775c7a200afc3b540e64f8",
    "https://deno.land/x/bcrypt@v0.4.1/src/worker.ts": "5a73bdfee9c9e622f47c9733d374b627dce52fb3ec1e74c8226698b3fc57ffac"
  },
  "workspace": {
    "packageJson": {
      "dependencies": [
        "npm:@auth/prisma-adapter@^2.8.0",
        "npm:@eslint/eslintrc@3",
        "npm:@faker-js/faker@^9.6.0",
        "npm:@hookform/resolvers@^4.1.3",
        "npm:@prisma/client@^6.5.0",
        "npm:@radix-ui/react-alert-dialog@^1.1.6",
        "npm:@radix-ui/react-avatar@^1.1.3",
        "npm:@radix-ui/react-dialog@^1.1.6",
        "npm:@radix-ui/react-dropdown-menu@^2.1.6",
        "npm:@radix-ui/react-label@^2.1.2",
        "npm:@radix-ui/react-navigation-menu@^1.2.5",
        "npm:@radix-ui/react-slot@^1.2.0",
        "npm:@radix-ui/react-switch@^1.1.3",
        "npm:@radix-ui/react-tabs@^1.1.3",
        "npm:@tailwindcss/postcss@4",
        "npm:@tanstack/react-query-devtools@^5.69.0",
        "npm:@tanstack/react-query@^5.69.0",
        "npm:@tanstack/react-table@^8.21.2",
        "npm:@types/node@^22.13.13",
        "npm:@types/react-dom@19",
        "npm:@types/react@19",
        "npm:@vercel/analytics@^1.5.0",
        "npm:@vercel/speed-insights@^1.2.0",
        "npm:bcrypt-edge@0.1",
        "npm:class-variance-authority@~0.7.1",
        "npm:clsx@^2.1.1",
        "npm:eslint-config-next@15.2.3",
        "npm:eslint@9",
        "npm:lucide-react@0.487",
        "npm:next-auth@^5.0.0-beta.25",
        "npm:next-themes@~0.4.6",
        "npm:next@15.2.3",
        "npm:prisma@^6.5.0",
        "npm:react-dom@19",
        "npm:react-hook-form@^7.54.2",
        "npm:react@19",
        "npm:shadcn@^2.4.0-canary.17",
        "npm:sonner@^2.0.1",
        "npm:tailwind-merge@^3.1.0",
        "npm:tailwindcss@4",
        "npm:ts-node@^10.9.2",
        "npm:tw-animate-css@^1.2.5",
        "npm:typescript@^5.8.2",
        "npm:zod@^3.24.2"
      ]
    }
  }
}
